
Microsoft Visual Studio Solution File, Format Version 12.00
# Visual Studio Version 17
VisualStudioVersion = 17.2.32526.322
MinimumVisualStudioVersion = 10.0.40219.1
Project("{FAE04EC0-301F-11D3-BF4B-00C04F79EFBC}") = "exercicio-calcularMediaNotas", "exercicio-calcularMediaNotas\exercicio-calcularMediaNotas.csproj", "{6BA5D347-D658-4D29-B30D-5285CB501DF3}"
EndProject
Global
	GlobalSection(SolutionConfigurationPlatforms) = preSolution
		Debug|Any CPU = Debug|Any CPU
		Release|Any CPU = Release|Any CPU
	EndGlobalSection
	GlobalSection(ProjectConfigurationPlatforms) = postSolution
		{6BA5D347-D658-4D29-B30D-5285CB501DF3}.Debug|Any CPU.ActiveCfg = Debug|Any CPU
		{6BA5D347-D658-4D29-B30D-5285CB501DF3}.Debug|Any CPU.Build.0 = Debug|Any CPU
		{6BA5D347-D658-4D29-B30D-5285CB501DF3}.Release|Any CPU.ActiveCfg = Release|Any CPU
		{6BA5D347-D658-4D29-B30D-5285CB501DF3}.Release|Any CPU.Build.0 = Release|Any CPU
	EndGlobalSection
	GlobalSection(SolutionProperties) = preSolution
		HideSolutionNode = FALSE
	EndGlobalSection
	GlobalSection(ExtensibilityGlobals) = postSolution
		SolutionGuid = {FE84EA59-FBC2-4B6E-947D-ACB2B6BC15DD}
	EndGlobalSection
EndGlobal
