
Microsoft Visual Studio Solution File, Format Version 12.00
# Visual Studio Version 17
VisualStudioVersion = 17.2.32526.322
MinimumVisualStudioVersion = 10.0.40219.1
Project("{FAE04EC0-301F-11D3-BF4B-00C04F79EFBC}") = "exercicio2_Condicionais-Compras", "exercicio2_Condicionais-Compras\exercicio2_Condicionais-Compras.csproj", "{ADC70D64-E376-4FDC-B679-E3AD397329C8}"
EndProject
Global
	GlobalSection(SolutionConfigurationPlatforms) = preSolution
		Debug|Any CPU = Debug|Any CPU
		Release|Any CPU = Release|Any CPU
	EndGlobalSection
	GlobalSection(ProjectConfigurationPlatforms) = postSolution
		{ADC70D64-E376-4FDC-B679-E3AD397329C8}.Debug|Any CPU.ActiveCfg = Debug|Any CPU
		{ADC70D64-E376-4FDC-B679-E3AD397329C8}.Debug|Any CPU.Build.0 = Debug|Any CPU
		{ADC70D64-E376-4FDC-B679-E3AD397329C8}.Release|Any CPU.ActiveCfg = Release|Any CPU
		{ADC70D64-E376-4FDC-B679-E3AD397329C8}.Release|Any CPU.Build.0 = Release|Any CPU
	EndGlobalSection
	GlobalSection(SolutionProperties) = preSolution
		HideSolutionNode = FALSE
	EndGlobalSection
	GlobalSection(ExtensibilityGlobals) = postSolution
		SolutionGuid = {FD6F8A2D-EDC0-4FF6-9158-CEEE288A4EAA}
	EndGlobalSection
EndGlobal
