
Microsoft Visual Studio Solution File, Format Version 12.00
# Visual Studio Version 17
VisualStudioVersion = 17.2.32526.322
MinimumVisualStudioVersion = 10.0.40219.1
Project("{FAE04EC0-301F-11D3-BF4B-00C04F79EFBC}") = "exercicio-Encapsulamento_Propriedades", "exercicio-Encapsulamento_Propriedades\exercicio-Encapsulamento_Propriedades.csproj", "{6B7F7922-4EA3-4DAD-BA82-3FD15F038D32}"
EndProject
Project("{2150E333-8FDC-42A3-9474-1A3956D46DE8}") = "Solution Items", "Solution Items", "{398417B9-F5C4-48FD-8CAE-FF20BBA4518D}"
	ProjectSection(SolutionItems) = preProject
		.editorconfig = .editorconfig
	EndProjectSection
EndProject
Global
	GlobalSection(SolutionConfigurationPlatforms) = preSolution
		Debug|Any CPU = Debug|Any CPU
		Release|Any CPU = Release|Any CPU
	EndGlobalSection
	GlobalSection(ProjectConfigurationPlatforms) = postSolution
		{6B7F7922-4EA3-4DAD-BA82-3FD15F038D32}.Debug|Any CPU.ActiveCfg = Debug|Any CPU
		{6B7F7922-4EA3-4DAD-BA82-3FD15F038D32}.Debug|Any CPU.Build.0 = Debug|Any CPU
		{6B7F7922-4EA3-4DAD-BA82-3FD15F038D32}.Release|Any CPU.ActiveCfg = Release|Any CPU
		{6B7F7922-4EA3-4DAD-BA82-3FD15F038D32}.Release|Any CPU.Build.0 = Release|Any CPU
	EndGlobalSection
	GlobalSection(SolutionProperties) = preSolution
		HideSolutionNode = FALSE
	EndGlobalSection
	GlobalSection(ExtensibilityGlobals) = postSolution
		SolutionGuid = {785EE9E3-CF28-4655-BDA0-862E5CE7A287}
	EndGlobalSection
EndGlobal
