
Microsoft Visual Studio Solution File, Format Version 12.00
# Visual Studio Version 17
VisualStudioVersion = 17.2.32526.322
MinimumVisualStudioVersion = 10.0.40219.1
Project("{FAE04EC0-301F-11D3-BF4B-00C04F79EFBC}") = "exercicio-constructor", "exercicio-constructor\exercicio-constructor.csproj", "{D795389C-8ED9-455E-8A93-8895F96AFA5C}"
EndProject
Global
	GlobalSection(SolutionConfigurationPlatforms) = preSolution
		Debug|Any CPU = Debug|Any CPU
		Release|Any CPU = Release|Any CPU
	EndGlobalSection
	GlobalSection(ProjectConfigurationPlatforms) = postSolution
		{D795389C-8ED9-455E-8A93-8895F96AFA5C}.Debug|Any CPU.ActiveCfg = Debug|Any CPU
		{D795389C-8ED9-455E-8A93-8895F96AFA5C}.Debug|Any CPU.Build.0 = Debug|Any CPU
		{D795389C-8ED9-455E-8A93-8895F96AFA5C}.Release|Any CPU.ActiveCfg = Release|Any CPU
		{D795389C-8ED9-455E-8A93-8895F96AFA5C}.Release|Any CPU.Build.0 = Release|Any CPU
	EndGlobalSection
	GlobalSection(SolutionProperties) = preSolution
		HideSolutionNode = FALSE
	EndGlobalSection
	GlobalSection(ExtensibilityGlobals) = postSolution
		SolutionGuid = {5A9B1796-7BD9-4565-A99E-260689C3AAE8}
	EndGlobalSection
EndGlobal
