
Microsoft Visual Studio Solution File, Format Version 12.00
# Visual Studio Version 17
VisualStudioVersion = 17.2.32526.322
MinimumVisualStudioVersion = 10.0.40219.1
Project("{FAE04EC0-301F-11D3-BF4B-00C04F79EFBC}") = "exercicio-lojinha_roupas", "exercicio-lojinha_roupas\exercicio-lojinha_roupas.csproj", "{F12A512D-259F-498D-8A6E-5C0B4BFA542E}"
EndProject
Global
	GlobalSection(SolutionConfigurationPlatforms) = preSolution
		Debug|Any CPU = Debug|Any CPU
		Release|Any CPU = Release|Any CPU
	EndGlobalSection
	GlobalSection(ProjectConfigurationPlatforms) = postSolution
		{F12A512D-259F-498D-8A6E-5C0B4BFA542E}.Debug|Any CPU.ActiveCfg = Debug|Any CPU
		{F12A512D-259F-498D-8A6E-5C0B4BFA542E}.Debug|Any CPU.Build.0 = Debug|Any CPU
		{F12A512D-259F-498D-8A6E-5C0B4BFA542E}.Release|Any CPU.ActiveCfg = Release|Any CPU
		{F12A512D-259F-498D-8A6E-5C0B4BFA542E}.Release|Any CPU.Build.0 = Release|Any CPU
	EndGlobalSection
	GlobalSection(SolutionProperties) = preSolution
		HideSolutionNode = FALSE
	EndGlobalSection
	GlobalSection(ExtensibilityGlobals) = postSolution
		SolutionGuid = {CCAAAF89-BF03-486E-AFCC-AB3041D969DF}
	EndGlobalSection
EndGlobal
